
Microsoft Visual Studio Solution File, Format Version 12.00
# Visual Studio Version 17
VisualStudioVersion = 17.10.34916.146
MinimumVisualStudioVersion = 10.0.40219.1
Project("{FAE04EC0-301F-11D3-BF4B-00C04F79EFBC}") = "Logistic", "Logistic\Logistic.csproj", "{40E2D1F2-C828-4C30-9573-1612B241F2BB}"
EndProject
Global
	GlobalSection(SolutionConfigurationPlatforms) = preSolution
		Debug|Any CPU = Debug|Any CPU
		Release|Any CPU = Release|Any CPU
	EndGlobalSection
	GlobalSection(ProjectConfigurationPlatforms) = postSolution
		{40E2D1F2-C828-4C30-9573-1612B241F2BB}.Debug|Any CPU.ActiveCfg = Debug|Any CPU
		{40E2D1F2-C828-4C30-9573-1612B241F2BB}.Debug|Any CPU.Build.0 = Debug|Any CPU
		{40E2D1F2-C828-4C30-9573-1612B241F2BB}.Release|Any CPU.ActiveCfg = Release|Any CPU
		{40E2D1F2-C828-4C30-9573-1612B241F2BB}.Release|Any CPU.Build.0 = Release|Any CPU
	EndGlobalSection
	GlobalSection(SolutionProperties) = preSolution
		HideSolutionNode = FALSE
	EndGlobalSection
	GlobalSection(ExtensibilityGlobals) = postSolution
		SolutionGuid = {9004449C-F231-4093-842D-1307B84E9BE2}
	EndGlobalSection
EndGlobal
